// !$*UTF8*$!
{
	archiveVersion = 1;
	classes = {
	};
	objectVersion = 50;
	objects = {

/* Begin PBXBuildFile section */
		02D6BB3D770C60A96EB61FDF /* Pods_Playground.framework in Frameworks */ = {isa = PBXBuildFile; fileRef = 7A75A23B49707E1B62E8BACB /* Pods_Playground.framework */; };
		8217E4E2252054CC002E4C1F /* AppDelegate.swift in Sources */ = {isa = PBXBuildFile; fileRef = 8217E4E1252054CC002E4C1F /* AppDelegate.swift */; };
		8217E4E4252054CC002E4C1F /* SceneDelegate.swift in Sources */ = {isa = PBXBuildFile; fileRef = 8217E4E3252054CC002E4C1F /* SceneDelegate.swift */; };
		8217E4E6252054CC002E4C1F /* ViewController.swift in Sources */ = {isa = PBXBuildFile; fileRef = 8217E4E5252054CC002E4C1F /* ViewController.swift */; };
		8217E4E9252054CC002E4C1F /* Main.storyboard in Resources */ = {isa = PBXBuildFile; fileRef = 8217E4E7252054CC002E4C1F /* Main.storyboard */; };
		8217E4EB252054CF002E4C1F /* Assets.xcassets in Resources */ = {isa = PBXBuildFile; fileRef = 8217E4EA252054CF002E4C1F /* Assets.xcassets */; };
		8217E4EE252054CF002E4C1F /* LaunchScreen.storyboard in Resources */ = {isa = PBXBuildFile; fileRef = 8217E4EC252054CF002E4C1F /* LaunchScreen.storyboard */; };
/* End PBXBuildFile section */

/* Begin PBXFileReference section */
		7A75A23B49707E1B62E8BACB /* Pods_Playground.framework */ = {isa = PBXFileReference; explicitFileType = wrapper.framework; includeInIndex = 0; path = Pods_Playground.framework; sourceTree = BUILT_PRODUCTS_DIR; };
		8217E4DE252054CC002E4C1F /* Playground.app */ = {isa = PBXFileReference; explicitFileType = wrapper.application; includeInIndex = 0; path = Playground.app; sourceTree = BUILT_PRODUCTS_DIR; };
		8217E4E1252054CC002E4C1F /* AppDelegate.swift */ = {isa = PBXFileReference; lastKnownFileType = sourcecode.swift; path = AppDelegate.swift; sourceTree = "<group>"; };
		8217E4E3252054CC002E4C1F /* SceneDelegate.swift */ = {isa = PBXFileReference; lastKnownFileType = sourcecode.swift; path = SceneDelegate.swift; sourceTree = "<group>"; };
		8217E4E5252054CC002E4C1F /* ViewController.swift */ = {isa = PBXFileReference; lastKnownFileType = sourcecode.swift; path = ViewController.swift; sourceTree = "<group>"; };
		8217E4E8252054CC002E4C1F /* Base */ = {isa = PBXFileReference; lastKnownFileType = file.storyboard; name = Base; path = Base.lproj/Main.storyboard; sourceTree = "<group>"; };
		8217E4EA252054CF002E4C1F /* Assets.xcassets */ = {isa = PBXFileReference; lastKnownFileType = folder.assetcatalog; path = Assets.xcassets; sourceTree = "<group>"; };
		8217E4ED252054CF002E4C1F /* Base */ = {isa = PBXFileReference; lastKnownFileType = file.storyboard; name = Base; path = Base.lproj/LaunchScreen.storyboard; sourceTree = "<group>"; };
		8217E4EF252054CF002E4C1F /* Info.plist */ = {isa = PBXFileReference; lastKnownFileType = text.plist.xml; path = Info.plist; sourceTree = "<group>"; };
		8217E4F82520558D002E4C1F /* ObjectMapperPlayground.playground */ = {isa = PBXFileReference; lastKnownFileType = file.playground; path = ObjectMapperPlayground.playground; sourceTree = "<group>"; xcLanguageSpecificationIdentifier = xcode.lang.swift; };
		AD962733E908B02A1BF7E895 /* Pods-Playground.release.xcconfig */ = {isa = PBXFileReference; includeInIndex = 1; lastKnownFileType = text.xcconfig; name = "Pods-Playground.release.xcconfig"; path = "Target Support Files/Pods-Playground/Pods-Playground.release.xcconfig"; sourceTree = "<group>"; };
		E7751CD85FEC66A0D4426D71 /* Pods-Playground.debug.xcconfig */ = {isa = PBXFileReference; includeInIndex = 1; lastKnownFileType = text.xcconfig; name = "Pods-Playground.debug.xcconfig"; path = "Target Support Files/Pods-Playground/Pods-Playground.debug.xcconfig"; sourceTree = "<group>"; };
/* End PBXFileReference section */

/* Begin PBXFrameworksBuildPhase section */
		8217E4DB252054CC002E4C1F /* Frameworks */ = {
			isa = PBXFrameworksBuildPhase;
			buildActionMask = 2147483647;
			files = (
				02D6BB3D770C60A96EB61FDF /* Pods_Playground.framework in Frameworks */,
			);
			runOnlyForDeploymentPostprocessing = 0;
		};
/* End PBXFrameworksBuildPhase section */

/* Begin PBXGroup section */
		604BF57E9B32D0A4A1550B4B /* Frameworks */ = {
			isa = PBXGroup;
			children = (
				7A75A23B49707E1B62E8BACB /* Pods_Playground.framework */,
			);
			name = Frameworks;
			sourceTree = "<group>";
		};
		8217E4D5252054CC002E4C1F = {
			isa = PBXGroup;
			children = (
				8217E4E0252054CC002E4C1F /* Playground */,
				8217E4DF252054CC002E4C1F /* Products */,
				C62B847BA78BAA95B9DD1F89 /* Pods */,
				604BF57E9B32D0A4A1550B4B /* Frameworks */,
			);
			sourceTree = "<group>";
		};
		8217E4DF252054CC002E4C1F /* Products */ = {
			isa = PBXGroup;
			children = (
				8217E4DE252054CC002E4C1F /* Playground.app */,
			);
			name = Products;
			sourceTree = "<group>";
		};
		8217E4E0252054CC002E4C1F /* Playground */ = {
			isa = PBXGroup;
			children = (
				8217E4E1252054CC002E4C1F /* AppDelegate.swift */,
				8217E4E3252054CC002E4C1F /* SceneDelegate.swift */,
				8217E4E5252054CC002E4C1F /* ViewController.swift */,
				8217E4E7252054CC002E4C1F /* Main.storyboard */,
				8217E4EA252054CF002E4C1F /* Assets.xcassets */,
				8217E4EC252054CF002E4C1F /* LaunchScreen.storyboard */,
				8217E4EF252054CF002E4C1F /* Info.plist */,
				8217E4F82520558D002E4C1F /* ObjectMapperPlayground.playground */,
			);
			path = Playground;
			sourceTree = "<group>";
		};
		C62B847BA78BAA95B9DD1F89 /* Pods */ = {
			isa = PBXGroup;
			children = (
				E7751CD85FEC66A0D4426D71 /* Pods-Playground.debug.xcconfig */,
				AD962733E908B02A1BF7E895 /* Pods-Playground.release.xcconfig */,
			);
			path = Pods;
			sourceTree = "<group>";
		};
/* End PBXGroup section */

/* Begin PBXNativeTarget section */
		8217E4DD252054CC002E4C1F /* Playground */ = {
			isa = PBXNativeTarget;
			buildConfigurationList = 8217E4F2252054CF002E4C1F /* Build configuration list for PBXNativeTarget "Playground" */;
			buildPhases = (
				5234AD345AB673BA9EEDE169 /* [CP] Check Pods Manifest.lock */,
				8217E4DA252054CC002E4C1F /* Sources */,
				8217E4DB252054CC002E4C1F /* Frameworks */,
				8217E4DC252054CC002E4C1F /* Resources */,
				CA2279843B0E02EAA451844F /* [CP] Embed Pods Frameworks */,
			);
			buildRules = (
			);
			dependencies = (
			);
			name = Playground;
			productName = Playground;
			productReference = 8217E4DE252054CC002E4C1F /* Playground.app */;
			productType = "com.apple.product-type.application";
		};
/* End PBXNativeTarget section */

/* Begin PBXProject section */
		8217E4D6252054CC002E4C1F /* Project object */ = {
			isa = PBXProject;
			attributes = {
				LastSwiftUpdateCheck = 1200;
				LastUpgradeCheck = 1200;
				TargetAttributes = {
					8217E4DD252054CC002E4C1F = {
						CreatedOnToolsVersion = 12.0.1;
					};
				};
			};
			buildConfigurationList = 8217E4D9252054CC002E4C1F /* Build configuration list for PBXProject "Playground" */;
			compatibilityVersion = "Xcode 9.3";
			developmentRegion = en;
			hasScannedForEncodings = 0;
			knownRegions = (
				en,
				Base,
			);
			mainGroup = 8217E4D5252054CC002E4C1F;
			productRefGroup = 8217E4DF252054CC002E4C1F /* Products */;
			projectDirPath = "";
			projectRoot = "";
			targets = (
				8217E4DD252054CC002E4C1F /* Playground */,
			);
		};
/* End PBXProject section */

/* Begin PBXResourcesBuildPhase section */
		8217E4DC252054CC002E4C1F /* Resources */ = {
			isa = PBXResourcesBuildPhase;
			buildActionMask = 2147483647;
			files = (
				8217E4EE252054CF002E4C1F /* LaunchScreen.storyboard in Resources */,
				8217E4EB252054CF002E4C1F /* Assets.xcassets in Resources */,
				8217E4E9252054CC002E4C1F /* Main.storyboard in Resources */,
			);
			runOnlyForDeploymentPostprocessing = 0;
		};
/* End PBXResourcesBuildPhase section */

/* Begin PBXShellScriptBuildPhase section */
		5234AD345AB673BA9EEDE169 /* [CP] Check Pods Manifest.lock */ = {
			isa = PBXShellScriptBuildPhase;
			buildActionMask = 2147483647;
			files = (
			);
			inputFileListPaths = (
			);
			inputPaths = (
				"${PODS_PODFILE_DIR_PATH}/Podfile.lock",
				"${PODS_ROOT}/Manifest.lock",
			);
			name = "[CP] Check Pods Manifest.lock";
			outputFileListPaths = (
			);
			outputPaths = (
				"$(DERIVED_FILE_DIR)/Pods-Playground-checkManifestLockResult.txt",
			);
			runOnlyForDeploymentPostprocessing = 0;
			shellPath = /bin/sh;
			shellScript = "diff \"${PODS_PODFILE_DIR_PATH}/Podfile.lock\" \"${PODS_ROOT}/Manifest.lock\" > /dev/null\nif [ $? != 0 ] ; then\n    # print error to STDERR\n    echo \"error: The sandbox is not in sync with the Podfile.lock. Run 'pod install' or update your CocoaPods installation.\" >&2\n    exit 1\nfi\n# This output is used by Xcode 'outputs' to avoid re-running this script phase.\necho \"SUCCESS\" > \"${SCRIPT_OUTPUT_FILE_0}\"\n";
			showEnvVarsInLog = 0;
		};
		CA2279843B0E02EAA451844F /* [CP] Embed Pods Frameworks */ = {
			isa = PBXShellScriptBuildPhase;
			buildActionMask = 2147483647;
			files = (
			);
			inputFileListPaths = (
				"${PODS_ROOT}/Target Support Files/Pods-Playground/Pods-Playground-frameworks-${CONFIGURATION}-input-files.xcfilelist",
			);
			name = "[CP] Embed Pods Frameworks";
			outputFileListPaths = (
				"${PODS_ROOT}/Target Support Files/Pods-Playground/Pods-Playground-frameworks-${CONFIGURATION}-output-files.xcfilelist",
			);
			runOnlyForDeploymentPostprocessing = 0;
			shellPath = /bin/sh;
			shellScript = "\"${PODS_ROOT}/Target Support Files/Pods-Playground/Pods-Playground-frameworks.sh\"\n";
			showEnvVarsInLog = 0;
		};
/* End PBXShellScriptBuildPhase section */

/* Begin PBXSourcesBuildPhase section */
		8217E4DA252054CC002E4C1F /* Sources */ = {
			isa = PBXSourcesBuildPhase;
			buildActionMask = 2147483647;
			files = (
				8217E4E6252054CC002E4C1F /* ViewController.swift in Sources */,
				8217E4E2252054CC002E4C1F /* AppDelegate.swift in Sources */,
				8217E4E4252054CC002E4C1F /* SceneDelegate.swift in Sources */,
			);
			runOnlyForDeploymentPostprocessing = 0;
		};
/* End PBXSourcesBuildPhase section */

/* Begin PBXVariantGroup section */
		8217E4E7252054CC002E4C1F /* Main.storyboard */ = {
			isa = PBXVariantGroup;
			children = (
				8217E4E8252054CC002E4C1F /* Base */,
			);
			name = Main.storyboard;
			sourceTree = "<group>";
		};
		8217E4EC252054CF002E4C1F /* LaunchScreen.storyboard */ = {
			isa = PBXVariantGroup;
			children = (
				8217E4ED252054CF002E4C1F /* Base */,
			);
			name = LaunchScreen.storyboard;
			sourceTree = "<group>";
		};
/* End PBXVariantGroup section */

/* Begin XCBuildConfiguration section */
		8217E4F0252054CF002E4C1F /* Debug */ = {
			isa = XCBuildConfiguration;
			buildSettings = {
				ALWAYS_SEARCH_USER_PATHS = NO;
				CLANG_ANALYZER_NONNULL = YES;
				CLANG_ANALYZER_NUMBER_OBJECT_CONVERSION = YES_AGGRESSIVE;
				CLANG_CXX_LANGUAGE_STANDARD = "gnu++14";
				CLANG_CXX_LIBRARY = "libc++";
				CLANG_ENABLE_MODULES = YES;
				CLANG_ENABLE_OBJC_ARC = YES;
				CLANG_ENABLE_OBJC_WEAK = YES;
				CLANG_WARN_BLOCK_CAPTURE_AUTORELEASING = YES;
				CLANG_WARN_BOOL_CONVERSION = YES;
				CLANG_WARN_COMMA = YES;
				CLANG_WARN_CONSTANT_CONVERSION = YES;
				CLANG_WARN_DEPRECATED_OBJC_IMPLEMENTATIONS = YES;
				CLANG_WARN_DIRECT_OBJC_ISA_USAGE = YES_ERROR;
				CLANG_WARN_DOCUMENTATION_COMMENTS = YES;
				CLANG_WARN_EMPTY_BODY = YES;
				CLANG_WARN_ENUM_CONVERSION = YES;
				CLANG_WARN_INFINITE_RECURSION = YES;
				CLANG_WARN_INT_CONVERSION = YES;
				CLANG_WARN_NON_LITERAL_NULL_CONVERSION = YES;
				CLANG_WARN_OBJC_IMPLICIT_RETAIN_SELF = YES;
				CLANG_WARN_OBJC_LITERAL_CONVERSION = YES;
				CLANG_WARN_OBJC_ROOT_CLASS = YES_ERROR;
				CLANG_WARN_QUOTED_INCLUDE_IN_FRAMEWORK_HEADER = YES;
				CLANG_WARN_RANGE_LOOP_ANALYSIS = YES;
				CLANG_WARN_STRICT_PROTOTYPES = YES;
				CLANG_WARN_SUSPICIOUS_MOVE = YES;
				CLANG_WARN_UNGUARDED_AVAILABILITY = YES_AGGRESSIVE;
				CLANG_WARN_UNREACHABLE_CODE = YES;
				CLANG_WARN__DUPLICATE_METHOD_MATCH = YES;
				COPY_PHASE_STRIP = NO;
				DEBUG_INFORMATION_FORMAT = dwarf;
				ENABLE_STRICT_OBJC_MSGSEND = YES;
				ENABLE_TESTABILITY = YES;
				GCC_C_LANGUAGE_STANDARD = gnu11;
				GCC_DYNAMIC_NO_PIC = NO;
				GCC_NO_COMMON_BLOCKS = YES;
				GCC_OPTIMIZATION_LEVEL = 0;
				GCC_PREPROCESSOR_DEFINITIONS = (
					"DEBUG=1",
					"$(inherited)",
				);
				GCC_WARN_64_TO_32_BIT_CONVERSION = YES;
				GCC_WARN_ABOUT_RETURN_TYPE = YES_ERROR;
				GCC_WARN_UNDECLARED_SELECTOR = YES;
				GCC_WARN_UNINITIALIZED_AUTOS = YES_AGGRESSIVE;
				GCC_WARN_UNUSED_FUNCTION = YES;
				GCC_WARN_UNUSED_VARIABLE = YES;
				IPHONEOS_DEPLOYMENT_TARGET = 14.0;
				MTL_ENABLE_DEBUG_INFO = INCLUDE_SOURCE;
				MTL_FAST_MATH = YES;
				ONLY_ACTIVE_ARCH = YES;
				SDKROOT = iphoneos;
				SWIFT_ACTIVE_COMPILATION_CONDITIONS = DEBUG;
				SWIFT_OPTIMIZATION_LEVEL = "-Onone";
			};
			name = Debug;
		};
		8217E4F1252054CF002E4C1F /* Release */ = {
			isa = XCBuildConfiguration;
			buildSettings = {
				ALWAYS_SEARCH_USER_PATHS = NO;
				CLANG_ANALYZER_NONNULL = YES;
				CLANG_ANALYZER_NUMBER_OBJECT_CONVERSION = YES_AGGRESSIVE;
				CLANG_CXX_LANGUAGE_STANDARD = "gnu++14";
				CLANG_CXX_LIBRARY = "libc++";
				CLANG_ENABLE_MODULES = YES;
				CLANG_ENABLE_OBJC_ARC = YES;
				CLANG_ENABLE_OBJC_WEAK = YES;
				CLANG_WARN_BLOCK_CAPTURE_AUTORELEASING = YES;
				CLANG_WARN_BOOL_CONVERSION = YES;
				CLANG_WARN_COMMA = YES;
				CLANG_WARN_CONSTANT_CONVERSION = YES;
				CLANG_WARN_DEPRECATED_OBJC_IMPLEMENTATIONS = YES;
				CLANG_WARN_DIRECT_OBJC_ISA_USAGE = YES_ERROR;
				CLANG_WARN_DOCUMENTATION_COMMENTS = YES;
				CLANG_WARN_EMPTY_BODY = YES;
				CLANG_WARN_ENUM_CONVERSION = YES;
				CLANG_WARN_INFINITE_RECURSION = YES;
				CLANG_WARN_INT_CONVERSION = YES;
				CLANG_WARN_NON_LITERAL_NULL_CONVERSION = YES;
				CLANG_WARN_OBJC_IMPLICIT_RETAIN_SELF = YES;
				CLANG_WARN_OBJC_LITERAL_CONVERSION = YES;
				CLANG_WARN_OBJC_ROOT_CLASS = YES_ERROR;
				CLANG_WARN_QUOTED_INCLUDE_IN_FRAMEWORK_HEADER = YES;
				CLANG_WARN_RANGE_LOOP_ANALYSIS = YES;
				CLANG_WARN_STRICT_PROTOTYPES = YES;
				CLANG_WARN_SUSPICIOUS_MOVE = YES;
				CLANG_WARN_UNGUARDED_AVAILABILITY = YES_AGGRESSIVE;
				CLANG_WARN_UNREACHABLE_CODE = YES;
				CLANG_WARN__DUPLICATE_METHOD_MATCH = YES;
				COPY_PHASE_STRIP = NO;
				DEBUG_INFORMATION_FORMAT = "dwarf-with-dsym";
				ENABLE_NS_ASSERTIONS = NO;
				ENABLE_STRICT_OBJC_MSGSEND = YES;
				GCC_C_LANGUAGE_STANDARD = gnu11;
				GCC_NO_COMMON_BLOCKS = YES;
				GCC_WARN_64_TO_32_BIT_CONVERSION = YES;
				GCC_WARN_ABOUT_RETURN_TYPE = YES_ERROR;
				GCC_WARN_UNDECLARED_SELECTOR = YES;
				GCC_WARN_UNINITIALIZED_AUTOS = YES_AGGRESSIVE;
				GCC_WARN_UNUSED_FUNCTION = YES;
				GCC_WARN_UNUSED_VARIABLE = YES;
				IPHONEOS_DEPLOYMENT_TARGET = 14.0;
				MTL_ENABLE_DEBUG_INFO = NO;
				MTL_FAST_MATH = YES;
				SDKROOT = iphoneos;
				SWIFT_COMPILATION_MODE = wholemodule;
				SWIFT_OPTIMIZATION_LEVEL = "-O";
				VALIDATE_PRODUCT = YES;
			};
			name = Release;
		};
		8217E4F3252054CF002E4C1F /* Debug */ = {
			isa = XCBuildConfiguration;
			baseConfigurationReference = E7751CD85FEC66A0D4426D71 /* Pods-Playground.debug.xcconfig */;
			buildSettings = {
				ASSETCATALOG_COMPILER_APPICON_NAME = AppIcon;
				ASSETCATALOG_COMPILER_GLOBAL_ACCENT_COLOR_NAME = AccentColor;
				CODE_SIGN_STYLE = Automatic;
				DEVELOPMENT_TEAM = DV97Z43DCT;
				INFOPLIST_FILE = Playground/Info.plist;
				LD_RUNPATH_SEARCH_PATHS = (
					"$(inherited)",
					"@executable_path/Frameworks",
				);
				PRODUCT_BUNDLE_IDENTIFIER = io.wiwa.Playground;
				PRODUCT_NAME = "$(TARGET_NAME)";
				SWIFT_VERSION = 5.0;
				TARGETED_DEVICE_FAMILY = "1,2";
			};
			name = Debug;
		};
		8217E4F4252054CF002E4C1F /* Release */ = {
			isa = XCBuildConfiguration;
			baseConfigurationReference = AD962733E908B02A1BF7E895 /* Pods-Playground.release.xcconfig */;
			buildSettings = {
				ASSETCATALOG_COMPILER_APPICON_NAME = AppIcon;
				ASSETCATALOG_COMPILER_GLOBAL_ACCENT_COLOR_NAME = AccentColor;
				CODE_SIGN_STYLE = Automatic;
				DEVELOPMENT_TEAM = DV97Z43DCT;
				INFOPLIST_FILE = Playground/Info.plist;
				LD_RUNPATH_SEARCH_PATHS = (
					"$(inherited)",
					"@executable_path/Frameworks",
				);
				PRODUCT_BUNDLE_IDENTIFIER = io.wiwa.Playground;
				PRODUCT_NAME = "$(TARGET_NAME)";
				SWIFT_VERSION = 5.0;
				TARGETED_DEVICE_FAMILY = "1,2";
			};
			name = Release;
		};
/* End XCBuildConfiguration section */

/* Begin XCConfigurationList section */
		8217E4D9252054CC002E4C1F /* Build configuration list for PBXProject "Playground" */ = {
			isa = XCConfigurationList;
			buildConfigurations = (
				8217E4F0252054CF002E4C1F /* Debug */,
				8217E4F1252054CF002E4C1F /* Release */,
			);
			defaultConfigurationIsVisible = 0;
			defaultConfigurationName = Release;
		};
		8217E4F2252054CF002E4C1F /* Build configuration list for PBXNativeTarget "Playground" */ = {
			isa = XCConfigurationList;
			buildConfigurations = (
				8217E4F3252054CF002E4C1F /* Debug */,
				8217E4F4252054CF002E4C1F /* Release */,
			);
			defaultConfigurationIsVisible = 0;
			defaultConfigurationName = Release;
		};
/* End XCConfigurationList section */
	};
	rootObject = 8217E4D6252054CC002E4C1F /* Project object */;
}
